
Microsoft Visual Studio Solution File, Format Version 12.00
# Visual Studio Version 16
VisualStudioVersion = 16.0.30907.101
MinimumVisualStudioVersion = 10.0.40219.1
Project("{FAE04EC0-301F-11D3-BF4B-00C04F79EFBC}") = "TestingBirthdate", "TestingBirthdate\TestingBirthdate.csproj", "{EAAEDF14-9BFD-4EA6-ACEC-CFAC264F67A6}"
EndProject
Project("{FAE04EC0-301F-11D3-BF4B-00C04F79EFBC}") = "TestingBirthdateTests", "TestingBirthdateTests\TestingBirthdateTests.csproj", "{C7ED0138-4E16-4DF6-881C-848498C4F023}"
EndProject
Global
	GlobalSection(SolutionConfigurationPlatforms) = preSolution
		Debug|Any CPU = Debug|Any CPU
		Release|Any CPU = Release|Any CPU
	EndGlobalSection
	GlobalSection(ProjectConfigurationPlatforms) = postSolution
		{EAAEDF14-9BFD-4EA6-ACEC-CFAC264F67A6}.Debug|Any CPU.ActiveCfg = Debug|Any CPU
		{EAAEDF14-9BFD-4EA6-ACEC-CFAC264F67A6}.Debug|Any CPU.Build.0 = Debug|Any CPU
		{EAAEDF14-9BFD-4EA6-ACEC-CFAC264F67A6}.Release|Any CPU.ActiveCfg = Release|Any CPU
		{EAAEDF14-9BFD-4EA6-ACEC-CFAC264F67A6}.Release|Any CPU.Build.0 = Release|Any CPU
		{C7ED0138-4E16-4DF6-881C-848498C4F023}.Debug|Any CPU.ActiveCfg = Debug|Any CPU
		{C7ED0138-4E16-4DF6-881C-848498C4F023}.Debug|Any CPU.Build.0 = Debug|Any CPU
		{C7ED0138-4E16-4DF6-881C-848498C4F023}.Release|Any CPU.ActiveCfg = Release|Any CPU
		{C7ED0138-4E16-4DF6-881C-848498C4F023}.Release|Any CPU.Build.0 = Release|Any CPU
	EndGlobalSection
	GlobalSection(SolutionProperties) = preSolution
		HideSolutionNode = FALSE
	EndGlobalSection
	GlobalSection(ExtensibilityGlobals) = postSolution
		SolutionGuid = {C3905EF0-22EF-413D-9F9E-3FB0E8ED9EA7}
	EndGlobalSection
EndGlobal
