
Microsoft Visual Studio Solution File, Format Version 12.00
# Visual Studio 15
VisualStudioVersion = 15.0.28307.271
MinimumVisualStudioVersion = 10.0.40219.1
Project("{FAE04EC0-301F-11D3-BF4B-00C04F79EFBC}") = "EX01_WcfServiceLibrary1", "EX01_WcfServiceLibrary1\EX01_WcfServiceLibrary1.csproj", "{B6048F43-5323-4937-9448-32FD12DCDA27}"
EndProject
Global
	GlobalSection(SolutionConfigurationPlatforms) = preSolution
		Debug|Any CPU = Debug|Any CPU
		Release|Any CPU = Release|Any CPU
	EndGlobalSection
	GlobalSection(ProjectConfigurationPlatforms) = postSolution
		{B6048F43-5323-4937-9448-32FD12DCDA27}.Debug|Any CPU.ActiveCfg = Debug|Any CPU
		{B6048F43-5323-4937-9448-32FD12DCDA27}.Debug|Any CPU.Build.0 = Debug|Any CPU
		{B6048F43-5323-4937-9448-32FD12DCDA27}.Release|Any CPU.ActiveCfg = Release|Any CPU
		{B6048F43-5323-4937-9448-32FD12DCDA27}.Release|Any CPU.Build.0 = Release|Any CPU
	EndGlobalSection
	GlobalSection(SolutionProperties) = preSolution
		HideSolutionNode = FALSE
	EndGlobalSection
	GlobalSection(ExtensibilityGlobals) = postSolution
		SolutionGuid = {6BBE5644-490F-49AB-8519-910D7094DF06}
	EndGlobalSection
EndGlobal
