
Microsoft Visual Studio Solution File, Format Version 12.00
# Visual Studio Version 16
VisualStudioVersion = 16.0.30907.101
MinimumVisualStudioVersion = 10.0.40219.1
Project("{FAE04EC0-301F-11D3-BF4B-00C04F79EFBC}") = "WpfApp2", "WpfApp2\WpfApp2.csproj", "{30819E03-050E-4D9F-95CB-4C197275A7D4}"
EndProject
Global
	GlobalSection(SolutionConfigurationPlatforms) = preSolution
		Debug|Any CPU = Debug|Any CPU
		Release|Any CPU = Release|Any CPU
	EndGlobalSection
	GlobalSection(ProjectConfigurationPlatforms) = postSolution
		{30819E03-050E-4D9F-95CB-4C197275A7D4}.Debug|Any CPU.ActiveCfg = Debug|Any CPU
		{30819E03-050E-4D9F-95CB-4C197275A7D4}.Debug|Any CPU.Build.0 = Debug|Any CPU
		{30819E03-050E-4D9F-95CB-4C197275A7D4}.Release|Any CPU.ActiveCfg = Release|Any CPU
		{30819E03-050E-4D9F-95CB-4C197275A7D4}.Release|Any CPU.Build.0 = Release|Any CPU
	EndGlobalSection
	GlobalSection(SolutionProperties) = preSolution
		HideSolutionNode = FALSE
	EndGlobalSection
	GlobalSection(ExtensibilityGlobals) = postSolution
		SolutionGuid = {A1DFDEBB-1C22-434B-9955-795D4D75B405}
	EndGlobalSection
EndGlobal
