
Microsoft Visual Studio Solution File, Format Version 12.00
# Visual Studio Version 16
VisualStudioVersion = 16.0.30907.101
MinimumVisualStudioVersion = 10.0.40219.1
Project("{FAE04EC0-301F-11D3-BF4B-00C04F79EFBC}") = "ConsoleApp1", "ConsoleApp1\ConsoleApp1.csproj", "{FF73B62F-2A59-4CCE-8B33-A8AE4365CDDD}"
EndProject
Global
	GlobalSection(SolutionConfigurationPlatforms) = preSolution
		Debug|Any CPU = Debug|Any CPU
		Release|Any CPU = Release|Any CPU
	EndGlobalSection
	GlobalSection(ProjectConfigurationPlatforms) = postSolution
		{FF73B62F-2A59-4CCE-8B33-A8AE4365CDDD}.Debug|Any CPU.ActiveCfg = Debug|Any CPU
		{FF73B62F-2A59-4CCE-8B33-A8AE4365CDDD}.Debug|Any CPU.Build.0 = Debug|Any CPU
		{FF73B62F-2A59-4CCE-8B33-A8AE4365CDDD}.Release|Any CPU.ActiveCfg = Release|Any CPU
		{FF73B62F-2A59-4CCE-8B33-A8AE4365CDDD}.Release|Any CPU.Build.0 = Release|Any CPU
	EndGlobalSection
	GlobalSection(SolutionProperties) = preSolution
		HideSolutionNode = FALSE
	EndGlobalSection
	GlobalSection(ExtensibilityGlobals) = postSolution
		SolutionGuid = {07C39D71-DA3C-4D66-BF55-3B9778A3B2C0}
	EndGlobalSection
EndGlobal
