
Microsoft Visual Studio Solution File, Format Version 12.00
# Visual Studio Version 16
VisualStudioVersion = 16.0.30907.101
MinimumVisualStudioVersion = 10.0.40219.1
Project("{FAE04EC0-301F-11D3-BF4B-00C04F79EFBC}") = "Øvelse5_SpilleKort", "Øvelse5_SpilleKort\Øvelse5_SpilleKort.csproj", "{B782FC35-94AC-431C-B470-BCB4FA048BDC}"
EndProject
Global
	GlobalSection(SolutionConfigurationPlatforms) = preSolution
		Debug|Any CPU = Debug|Any CPU
		Release|Any CPU = Release|Any CPU
	EndGlobalSection
	GlobalSection(ProjectConfigurationPlatforms) = postSolution
		{B782FC35-94AC-431C-B470-BCB4FA048BDC}.Debug|Any CPU.ActiveCfg = Debug|Any CPU
		{B782FC35-94AC-431C-B470-BCB4FA048BDC}.Debug|Any CPU.Build.0 = Debug|Any CPU
		{B782FC35-94AC-431C-B470-BCB4FA048BDC}.Release|Any CPU.ActiveCfg = Release|Any CPU
		{B782FC35-94AC-431C-B470-BCB4FA048BDC}.Release|Any CPU.Build.0 = Release|Any CPU
	EndGlobalSection
	GlobalSection(SolutionProperties) = preSolution
		HideSolutionNode = FALSE
	EndGlobalSection
	GlobalSection(ExtensibilityGlobals) = postSolution
		SolutionGuid = {E16E8B0F-018E-4AD0-B182-536B51C0D9B5}
	EndGlobalSection
EndGlobal
