
Microsoft Visual Studio Solution File, Format Version 12.00
# Visual Studio Version 16
VisualStudioVersion = 16.0.30907.101
MinimumVisualStudioVersion = 10.0.40219.1
Project("{FAE04EC0-301F-11D3-BF4B-00C04F79EFBC}") = "PassParametersWeb", "PassParametersWeb\PassParametersWeb.csproj", "{7B6F2483-E932-45CC-A664-B8234AD97923}"
EndProject
Global
	GlobalSection(SolutionConfigurationPlatforms) = preSolution
		Debug|Any CPU = Debug|Any CPU
		Release|Any CPU = Release|Any CPU
	EndGlobalSection
	GlobalSection(ProjectConfigurationPlatforms) = postSolution
		{7B6F2483-E932-45CC-A664-B8234AD97923}.Debug|Any CPU.ActiveCfg = Debug|Any CPU
		{7B6F2483-E932-45CC-A664-B8234AD97923}.Debug|Any CPU.Build.0 = Debug|Any CPU
		{7B6F2483-E932-45CC-A664-B8234AD97923}.Release|Any CPU.ActiveCfg = Release|Any CPU
		{7B6F2483-E932-45CC-A664-B8234AD97923}.Release|Any CPU.Build.0 = Release|Any CPU
	EndGlobalSection
	GlobalSection(SolutionProperties) = preSolution
		HideSolutionNode = FALSE
	EndGlobalSection
	GlobalSection(ExtensibilityGlobals) = postSolution
		SolutionGuid = {F0D32A62-5B67-4358-93C9-B8CDCCCD5470}
	EndGlobalSection
EndGlobal
