
Microsoft Visual Studio Solution File, Format Version 12.00
# Visual Studio Version 16
VisualStudioVersion = 16.0.30907.101
MinimumVisualStudioVersion = 10.0.40219.1
Project("{FAE04EC0-301F-11D3-BF4B-00C04F79EFBC}") = "CodeFirst", "CodeFirst\CodeFirst.csproj", "{90FF223C-615B-4178-8975-3156C82A8D69}"
EndProject
Global
	GlobalSection(SolutionConfigurationPlatforms) = preSolution
		Debug|Any CPU = Debug|Any CPU
		Release|Any CPU = Release|Any CPU
	EndGlobalSection
	GlobalSection(ProjectConfigurationPlatforms) = postSolution
		{90FF223C-615B-4178-8975-3156C82A8D69}.Debug|Any CPU.ActiveCfg = Debug|Any CPU
		{90FF223C-615B-4178-8975-3156C82A8D69}.Debug|Any CPU.Build.0 = Debug|Any CPU
		{90FF223C-615B-4178-8975-3156C82A8D69}.Release|Any CPU.ActiveCfg = Release|Any CPU
		{90FF223C-615B-4178-8975-3156C82A8D69}.Release|Any CPU.Build.0 = Release|Any CPU
	EndGlobalSection
	GlobalSection(SolutionProperties) = preSolution
		HideSolutionNode = FALSE
	EndGlobalSection
	GlobalSection(ExtensibilityGlobals) = postSolution
		SolutionGuid = {1CD41745-015A-4F83-A24B-1EB41944FF27}
	EndGlobalSection
EndGlobal
