
Microsoft Visual Studio Solution File, Format Version 12.00
# Visual Studio Version 16
VisualStudioVersion = 16.0.30907.101
MinimumVisualStudioVersion = 10.0.40219.1
Project("{FAE04EC0-301F-11D3-BF4B-00C04F79EFBC}") = "AgeCalc", "AgeCalc\AgeCalc.csproj", "{21BA86F3-9760-4427-AF57-6165C6A290C9}"
EndProject
Global
	GlobalSection(SolutionConfigurationPlatforms) = preSolution
		Debug|Any CPU = Debug|Any CPU
		Release|Any CPU = Release|Any CPU
	EndGlobalSection
	GlobalSection(ProjectConfigurationPlatforms) = postSolution
		{21BA86F3-9760-4427-AF57-6165C6A290C9}.Debug|Any CPU.ActiveCfg = Debug|Any CPU
		{21BA86F3-9760-4427-AF57-6165C6A290C9}.Debug|Any CPU.Build.0 = Debug|Any CPU
		{21BA86F3-9760-4427-AF57-6165C6A290C9}.Release|Any CPU.ActiveCfg = Release|Any CPU
		{21BA86F3-9760-4427-AF57-6165C6A290C9}.Release|Any CPU.Build.0 = Release|Any CPU
	EndGlobalSection
	GlobalSection(SolutionProperties) = preSolution
		HideSolutionNode = FALSE
	EndGlobalSection
	GlobalSection(ExtensibilityGlobals) = postSolution
		SolutionGuid = {90E84049-1886-4F71-BB34-BAC246ED8148}
	EndGlobalSection
EndGlobal
